
Microsoft Visual Studio Solution File, Format Version 11.00
# Visual C# Express 2010
Project("{FAE04EC0-301F-11D3-BF4B-00C04F79EFBC}") = "WindowsGame1", "WindowsGame1\WindowsGame1\WindowsGame1.csproj", "{79126E7F-3714-4CAB-B525-039AC352F64A}"
EndProject
Project("{96E2B04D-8817-42C6-938A-82C39BA4D311}") = "WindowsGame1Content", "WindowsGame1\WindowsGame1Content\WindowsGame1Content.contentproj", "{4ABD3016-5976-4580-B777-764B210018F1}"
EndProject
Global
	GlobalSection(SolutionConfigurationPlatforms) = preSolution
		Debug|x86 = Debug|x86
		Release|x86 = Release|x86
	EndGlobalSection
	GlobalSection(ProjectConfigurationPlatforms) = postSolution
		{79126E7F-3714-4CAB-B525-039AC352F64A}.Debug|x86.ActiveCfg = Debug|x86
		{79126E7F-3714-4CAB-B525-039AC352F64A}.Debug|x86.Build.0 = Debug|x86
		{79126E7F-3714-4CAB-B525-039AC352F64A}.Release|x86.ActiveCfg = Release|x86
		{79126E7F-3714-4CAB-B525-039AC352F64A}.Release|x86.Build.0 = Release|x86
		{4ABD3016-5976-4580-B777-764B210018F1}.Debug|x86.ActiveCfg = Debug|x86
		{4ABD3016-5976-4580-B777-764B210018F1}.Release|x86.ActiveCfg = Release|x86
	EndGlobalSection
	GlobalSection(SolutionProperties) = preSolution
		HideSolutionNode = FALSE
	EndGlobalSection
EndGlobal
